{
  "version": 1,
  "dependencies": {
    "net8.0": {
      "Microsoft.AspNetCore.Components.WebAssembly": {
        "type": "Direct",
        "requested": "[8.0.6, )",
        "resolved": "8.0.6",
        "contentHash": "plmMOmOR33hQiEe5TeEfheuvifEslDrcilAytLUYxQ8pcvuoTtcpyMe8cEnrozoQ0q77WhDuprl5kKpMH+h2/g==",
        "dependencies": {
          "Microsoft.AspNetCore.Components.Web": "8.0.6",
          "Microsoft.Extensions.Configuration.Binder": "8.0.1",
          "Microsoft.Extensions.Configuration.Json": "8.0.0",
          "Microsoft.Extensions.Logging": "8.0.0",
          "Microsoft.JSInterop.WebAssembly": "8.0.6"
        }
      },
      "Microsoft.AspNetCore.Components.WebAssembly.DevServer": {
        "type": "Direct",
        "requested": "[8.0.6, )",
        "resolved": "8.0.6",
        "contentHash": "UX5wp3rK68IOXomFNL/sx1cHpcfX8GGv6hM8r/O8VNHMZWiXl1yd6L4+feVsBtMbUO/Tlm178WAwE73C6TYD6Q=="
      },
      "Microsoft.AspNetCore.WebUtilities": {
        "type": "Direct",
        "requested": "[8.0.6, )",
        "resolved": "8.0.6",
        "contentHash": "GFZIH1szQtumGikV7nMkmAP3yqKNKio7g044U6hRyfcjcLvr+PGCeqV8DTyI2nqszJ0xClwDT6Bvf0f7SEMgPQ==",
        "dependencies": {
          "Microsoft.Net.Http.Headers": "8.0.6",
          "System.IO.Pipelines": "8.0.0"
        }
      },
      "Microsoft.NET.ILLink.Tasks": {
        "type": "Direct",
        "requested": "[8.0.6, )",
        "resolved": "8.0.6",
        "contentHash": "E+lDylsTeP4ZiDmnEkiJ5wobnGaIJzFhOgZppznJCb69UZgbh6G3cfv1pnLDLLBx6JAgl0kAlnINDeT3uCuczQ=="
      },
      "Microsoft.NET.Sdk.WebAssembly.Pack": {
        "type": "Direct",
        "requested": "[8.0.6, )",
        "resolved": "8.0.6",
        "contentHash": "4X+KpUFx/0feEWcMi4v+QVu8rMbYzHfbUv8nONSeZ4AiVects9F91kbQTL3GWs3mcGtejMtW86DIVE8UbghQlA=="
      },
      "Microsoft.AspNetCore.Authorization": {
        "type": "Transitive",
        "resolved": "8.0.6",
        "contentHash": "H1CSbD7UeSPsrJSUpvbms6SqWMa5y8ch4Rw+gyHh2uztOEb20fTP2r0AUnStn1Q9WYghikiDO5wzkgV+n6KC2Q==",
        "dependencies": {
          "Microsoft.AspNetCore.Metadata": "8.0.6",
          "Microsoft.Extensions.Logging.Abstractions": "8.0.1",
          "Microsoft.Extensions.Options": "8.0.2"
        }
      },
      "Microsoft.AspNetCore.Components": {
        "type": "Transitive",
        "resolved": "8.0.6",
        "contentHash": "Je2l+rd5i8gB+ZWsN5wBHOsnyAh81h6+a5vNq6rjfQhM2ZYxH+BVsmanCYa+F8BFy6rmd+ZL61SEiNaAyAOgtg==",
        "dependencies": {
          "Microsoft.AspNetCore.Authorization": "8.0.6",
          "Microsoft.AspNetCore.Components.Analyzers": "8.0.6"
        }
      },
      "Microsoft.AspNetCore.Components.Analyzers": {
        "type": "Transitive",
        "resolved": "8.0.6",
        "contentHash": "SEL0CN1jJdJkCDwRox3kSY1ffMnahlOCDJZYrYWfQ6ftjqRuuiPtwyvI3VIeVHLcpT3VP1AXww8wzKDK3oeFxg=="
      },
      "Microsoft.AspNetCore.Components.Forms": {
        "type": "Transitive",
        "resolved": "8.0.6",
        "contentHash": "49wIE1ns3ZGDU4NPMcKCSTC716IxujUeaynsUyflM5Qmb2WlF6M6m4pMcJ6UET1Ixmn027nZjMEc8J7pU4BLBg==",
        "dependencies": {
          "Microsoft.AspNetCore.Components": "8.0.6"
        }
      },
      "Microsoft.AspNetCore.Components.Web": {
        "type": "Transitive",
        "resolved": "8.0.6",
        "contentHash": "xxYlTpcTEWsxaWUscDLN32mM32ysslLFtNQBS6wJOxaKJ9LCvusXDyBVEKL2DPbB8PZdereNvyrVr0deHkuOEw==",
        "dependencies": {
          "Microsoft.AspNetCore.Components": "8.0.6",
          "Microsoft.AspNetCore.Components.Forms": "8.0.6",
          "Microsoft.Extensions.DependencyInjection": "8.0.0",
          "Microsoft.Extensions.Primitives": "8.0.0",
          "Microsoft.JSInterop": "8.0.6",
          "System.IO.Pipelines": "8.0.0"
        }
      },
      "Microsoft.AspNetCore.Metadata": {
        "type": "Transitive",
        "resolved": "8.0.6",
        "contentHash": "3e7S/kz1MGds8zDA8SfQiutqifyVcULs5P/8Bxpes0WIkJRMGkU/l+XlMllj9KrDfCGwHW8bgjRy/zxfoILgfg=="
      },
      "Microsoft.Extensions.Configuration": {
        "type": "Transitive",
        "resolved": "8.0.0",
        "contentHash": "0J/9YNXTMWSZP2p2+nvl8p71zpSwokZXZuJW+VjdErkegAnFdO1XlqtA62SJtgVYHdKu3uPxJHcMR/r35HwFBA==",
        "dependencies": {
          "Microsoft.Extensions.Configuration.Abstractions": "8.0.0",
          "Microsoft.Extensions.Primitives": "8.0.0"
        }
      },
      "Microsoft.Extensions.Configuration.Abstractions": {
        "type": "Transitive",
        "resolved": "8.0.0",
        "contentHash": "3lE/iLSutpgX1CC0NOW70FJoGARRHbyKmG7dc0klnUZ9Dd9hS6N/POPWhKhMLCEuNN5nXEY5agmlFtH562vqhQ==",
        "dependencies": {
          "Microsoft.Extensions.Primitives": "8.0.0"
        }
      },
      "Microsoft.Extensions.Configuration.Binder": {
        "type": "Transitive",
        "resolved": "8.0.1",
        "contentHash": "2UKFJnLiBt7Od6nCnTqP9rTIUNhzmn9Hv1l2FchyKbz8xieB9ULwZTbQZMw+M24Qw3F5dzzH1U9PPleN0LNLOQ==",
        "dependencies": {
          "Microsoft.Extensions.Configuration.Abstractions": "8.0.0"
        }
      },
      "Microsoft.Extensions.Configuration.FileExtensions": {
        "type": "Transitive",
        "resolved": "8.0.0",
        "contentHash": "McP+Lz/EKwvtCv48z0YImw+L1gi1gy5rHhNaNIY2CrjloV+XY8gydT8DjMR6zWeL13AFK+DioVpppwAuO1Gi1w==",
        "dependencies": {
          "Microsoft.Extensions.Configuration": "8.0.0",
          "Microsoft.Extensions.Configuration.Abstractions": "8.0.0",
          "Microsoft.Extensions.FileProviders.Abstractions": "8.0.0",
          "Microsoft.Extensions.FileProviders.Physical": "8.0.0",
          "Microsoft.Extensions.Primitives": "8.0.0"
        }
      },
      "Microsoft.Extensions.Configuration.Json": {
        "type": "Transitive",
        "resolved": "8.0.0",
        "contentHash": "C2wqUoh9OmRL1akaCcKSTmRU8z0kckfImG7zLNI8uyi47Lp+zd5LWAD17waPQEqCz3ioWOCrFUo+JJuoeZLOBw==",
        "dependencies": {
          "Microsoft.Extensions.Configuration": "8.0.0",
          "Microsoft.Extensions.Configuration.Abstractions": "8.0.0",
          "Microsoft.Extensions.Configuration.FileExtensions": "8.0.0",
          "Microsoft.Extensions.FileProviders.Abstractions": "8.0.0",
          "System.Text.Json": "8.0.0"
        }
      },
      "Microsoft.Extensions.DependencyInjection": {
        "type": "Transitive",
        "resolved": "8.0.0",
        "contentHash": "V8S3bsm50ig6JSyrbcJJ8bW2b9QLGouz+G1miK3UTaOWmMtFwNNNzUf4AleyDWUmTrWMLNnFSLEQtxmxgNQnNQ==",
        "dependencies": {
          "Microsoft.Extensions.DependencyInjection.Abstractions": "8.0.0"
        }
      },
      "Microsoft.Extensions.DependencyInjection.Abstractions": {
        "type": "Transitive",
        "resolved": "8.0.1",
        "contentHash": "fGLiCRLMYd00JYpClraLjJTNKLmMJPnqxMaiRzEBIIvevlzxz33mXy39Lkd48hu1G+N21S7QpaO5ZzKsI6FRuA=="
      },
      "Microsoft.Extensions.FileProviders.Abstractions": {
        "type": "Transitive",
        "resolved": "8.0.0",
        "contentHash": "ZbaMlhJlpisjuWbvXr4LdAst/1XxH3vZ6A0BsgTphZ2L4PGuxRLz7Jr/S7mkAAnOn78Vu0fKhEgNF5JO3zfjqQ==",
        "dependencies": {
          "Microsoft.Extensions.Primitives": "8.0.0"
        }
      },
      "Microsoft.Extensions.FileProviders.Physical": {
        "type": "Transitive",
        "resolved": "8.0.0",
        "contentHash": "UboiXxpPUpwulHvIAVE36Knq0VSHaAmfrFkegLyBZeaADuKezJ/AIXYAW8F5GBlGk/VaibN2k/Zn1ca8YAfVdA==",
        "dependencies": {
          "Microsoft.Extensions.FileProviders.Abstractions": "8.0.0",
          "Microsoft.Extensions.FileSystemGlobbing": "8.0.0",
          "Microsoft.Extensions.Primitives": "8.0.0"
        }
      },
      "Microsoft.Extensions.FileSystemGlobbing": {
        "type": "Transitive",
        "resolved": "8.0.0",
        "contentHash": "OK+670i7esqlQrPjdIKRbsyMCe9g5kSLpRRQGSr4Q58AOYEe/hCnfLZprh7viNisSUUQZmMrbbuDaIrP+V1ebQ=="
      },
      "Microsoft.Extensions.Logging": {
        "type": "Transitive",
        "resolved": "8.0.0",
        "contentHash": "tvRkov9tAJ3xP51LCv3FJ2zINmv1P8Hi8lhhtcKGqM+ImiTCC84uOPEI4z8Cdq2C3o9e+Aa0Gw0rmrsJD77W+w==",
        "dependencies": {
          "Microsoft.Extensions.DependencyInjection": "8.0.0",
          "Microsoft.Extensions.Logging.Abstractions": "8.0.0",
          "Microsoft.Extensions.Options": "8.0.0"
        }
      },
      "Microsoft.Extensions.Logging.Abstractions": {
        "type": "Transitive",
        "resolved": "8.0.1",
        "contentHash": "RIFgaqoaINxkM2KTOw72dmilDmTrYA0ns2KW4lDz4gZ2+o6IQ894CzmdL3StM2oh7QQq44nCWiqKqc4qUI9Jmg==",
        "dependencies": {
          "Microsoft.Extensions.DependencyInjection.Abstractions": "8.0.1"
        }
      },
      "Microsoft.Extensions.Options": {
        "type": "Transitive",
        "resolved": "8.0.2",
        "contentHash": "dWGKvhFybsaZpGmzkGCbNNwBD1rVlWzrZKANLW/CcbFJpCEceMCGzT7zZwHOGBCbwM0SzBuceMj5HN1LKV1QqA==",
        "dependencies": {
          "Microsoft.Extensions.DependencyInjection.Abstractions": "8.0.0",
          "Microsoft.Extensions.Primitives": "8.0.0"
        }
      },
      "Microsoft.Extensions.Primitives": {
        "type": "Transitive",
        "resolved": "8.0.0",
        "contentHash": "bXJEZrW9ny8vjMF1JV253WeLhpEVzFo1lyaZu1vQ4ZxWUlVvknZ/+ftFgVheLubb4eZPSwwxBeqS1JkCOjxd8g=="
      },
      "Microsoft.JSInterop": {
        "type": "Transitive",
        "resolved": "8.0.6",
        "contentHash": "E1djWS3d41fcd++7sGlbYhOHde5Pb0oBpOcNvUbn+1ga/yCvsjzUfbd/tDRg1qacNKS0iwKWYOIqTZxJnh99dQ=="
      },
      "Microsoft.JSInterop.WebAssembly": {
        "type": "Transitive",
        "resolved": "8.0.6",
        "contentHash": "Ufy/hbi7VNNxSJN62ItkcMS3xFCdLzju2rpgQcQAj70rZoxCh4riNBAAsZvURxmn9Hwlxel/R6CG1B+AKpCrKw==",
        "dependencies": {
          "Microsoft.JSInterop": "8.0.6"
        }
      },
      "Microsoft.Net.Http.Headers": {
        "type": "Transitive",
        "resolved": "8.0.6",
        "contentHash": "SNkrPZM2nvnUJfnmZbyHSc8kgZeLKx6OxohJ+3UZFQoHRtSix4vDBOvYQBpFLh6lzF2NUmetQkOBNo5iCtxgRw==",
        "dependencies": {
          "Microsoft.Extensions.Primitives": "8.0.0"
        }
      },
      "System.IO.Pipelines": {
        "type": "Transitive",
        "resolved": "8.0.0",
        "contentHash": "FHNOatmUq0sqJOkTx+UF/9YK1f180cnW5FVqnQMvYUN0elp6wFzbtPSiqbo1/ru8ICp43JM1i7kKkk6GsNGHlA=="
      },
      "System.Text.Encodings.Web": {
        "type": "Transitive",
        "resolved": "8.0.0",
        "contentHash": "yev/k9GHAEGx2Rg3/tU6MQh4HGBXJs70y7j1LaM1i/ER9po+6nnQ6RRqTJn1E7Xu0fbIFK80Nh5EoODxrbxwBQ=="
      },
      "System.Text.Json": {
        "type": "Transitive",
        "resolved": "8.0.0",
        "contentHash": "OdrZO2WjkiEG6ajEFRABTRCi/wuXQPxeV6g8xvUJqdxMvvuCCEk86zPla8UiIQJz3durtUEbNyY/3lIhS0yZvQ==",
        "dependencies": {
          "System.Text.Encodings.Web": "8.0.0"
        }
      },
      "currenttimeapp.abstractions": {
        "type": "Project"
      },
      "currenttimeapp.components": {
        "type": "Project",
        "dependencies": {
          "CurrentTimeApp.Abstractions": "[1.0.0, )",
          "Microsoft.AspNetCore.Components.Web": "[8.0.6, )"
        }
      }
    },
    "net8.0/browser-wasm": {
      "System.Text.Encodings.Web": {
        "type": "Transitive",
        "resolved": "8.0.0",
        "contentHash": "yev/k9GHAEGx2Rg3/tU6MQh4HGBXJs70y7j1LaM1i/ER9po+6nnQ6RRqTJn1E7Xu0fbIFK80Nh5EoODxrbxwBQ=="
      }
    }
  }
}